# @generated - this file is auto-generated by `mise lock` https://mise.en.dev/dev-tools/mise-lock.html

[[tools.actionlint]]
version = "1.7.12"
backend = "aqua:rhysd/actionlint"

[tools.actionlint."platforms.linux-arm64"]
checksum = "sha256:325e971b6ba9bfa504672e29be93c24981eeb1c07576d730e9f7c8805afff0c6"
url = "https://github.com/rhysd/actionlint/releases/download/v1.7.12/actionlint_1.7.12_linux_arm64.tar.gz"

[tools.actionlint."platforms.linux-arm64-musl"]
checksum = "sha256:325e971b6ba9bfa504672e29be93c24981eeb1c07576d730e9f7c8805afff0c6"
url = "https://github.com/rhysd/actionlint/releases/download/v1.7.12/actionlint_1.7.12_linux_arm64.tar.gz"

[tools.actionlint."platforms.linux-x64"]
checksum = "sha256:8aca8db96f1b94770f1b0d72b6dddcb1ebb8123cb3712530b08cc387b349a3d8"
url = "https://github.com/rhysd/actionlint/releases/download/v1.7.12/actionlint_1.7.12_linux_amd64.tar.gz"

[tools.actionlint."platforms.linux-x64-musl"]
checksum = "sha256:8aca8db96f1b94770f1b0d72b6dddcb1ebb8123cb3712530b08cc387b349a3d8"
url = "https://github.com/rhysd/actionlint/releases/download/v1.7.12/actionlint_1.7.12_linux_amd64.tar.gz"

[tools.actionlint."platforms.macos-arm64"]
checksum = "sha256:aba9ced2dee8d27fecca3dc7feb1a7f9a52caefa1eb46f3271ea66b6e0e6953f"
url = "https://github.com/rhysd/actionlint/releases/download/v1.7.12/actionlint_1.7.12_darwin_arm64.tar.gz"

[tools.actionlint."platforms.macos-x64"]
checksum = "sha256:5b44c3bc2255115c9b69e30efc0fecdf498fdb63c5d58e17084fd5f16324c644"
url = "https://github.com/rhysd/actionlint/releases/download/v1.7.12/actionlint_1.7.12_darwin_amd64.tar.gz"

[tools.actionlint."platforms.windows-x64"]
checksum = "sha256:6e7241b51e6817ea6a047693d8e6fed13b31819c9a0dd6c5a726e1592d22f6e9"
url = "https://github.com/rhysd/actionlint/releases/download/v1.7.12/actionlint_1.7.12_windows_amd64.zip"

[[tools.apko]]
version = "1.1.11"
backend = "aqua:chainguard-dev/apko"

[tools.apko."platforms.linux-arm64"]
checksum = "sha256:36b315c810c8c81db6fc956c3d12a530e2efa96f4d51605c5d119df5c1c12f45"
url = "https://github.com/chainguard-dev/apko/releases/download/v1.1.11/apko_1.1.11_linux_arm64.tar.gz"

[tools.apko."platforms.linux-arm64-musl"]
checksum = "sha256:36b315c810c8c81db6fc956c3d12a530e2efa96f4d51605c5d119df5c1c12f45"
url = "https://github.com/chainguard-dev/apko/releases/download/v1.1.11/apko_1.1.11_linux_arm64.tar.gz"

[tools.apko."platforms.linux-x64"]
checksum = "sha256:90fd2ff1f3d036b7701a676f36d2fd60ce9a4c75268bf14656bb07d216a80a4e"
url = "https://github.com/chainguard-dev/apko/releases/download/v1.1.11/apko_1.1.11_linux_amd64.tar.gz"

[tools.apko."platforms.linux-x64-musl"]
checksum = "sha256:90fd2ff1f3d036b7701a676f36d2fd60ce9a4c75268bf14656bb07d216a80a4e"
url = "https://github.com/chainguard-dev/apko/releases/download/v1.1.11/apko_1.1.11_linux_amd64.tar.gz"

[tools.apko."platforms.macos-arm64"]
checksum = "sha256:2aefc915355f91bdcea48390bb306337fbb3845d03374fe60427775f5422805c"
url = "https://github.com/chainguard-dev/apko/releases/download/v1.1.11/apko_1.1.11_darwin_arm64.tar.gz"

[tools.apko."platforms.macos-x64"]
checksum = "sha256:a8ac88e150ed4496b8c8281a254e45224a08f06e8b8a9bdf2c8d0c811d66f2ff"
url = "https://github.com/chainguard-dev/apko/releases/download/v1.1.11/apko_1.1.11_darwin_amd64.tar.gz"

[[tools.claude-code]]
version = "2.1.59"
backend = "aqua:anthropics/claude-code"

[tools.claude-code."platforms.linux-arm64"]
url = "https://storage.googleapis.com/claude-code-dist-86c565f3-f756-42ad-8dfa-d59b1c096819/claude-code-releases/2.1.59/linux-arm64/claude"

[tools.claude-code."platforms.linux-arm64-musl"]
url = "https://storage.googleapis.com/claude-code-dist-86c565f3-f756-42ad-8dfa-d59b1c096819/claude-code-releases/2.1.59/linux-arm64/claude"

[tools.claude-code."platforms.linux-x64"]
url = "https://storage.googleapis.com/claude-code-dist-86c565f3-f756-42ad-8dfa-d59b1c096819/claude-code-releases/2.1.59/linux-x64/claude"

[tools.claude-code."platforms.linux-x64-musl"]
url = "https://storage.googleapis.com/claude-code-dist-86c565f3-f756-42ad-8dfa-d59b1c096819/claude-code-releases/2.1.59/linux-x64/claude"

[tools.claude-code."platforms.macos-arm64"]
url = "https://storage.googleapis.com/claude-code-dist-86c565f3-f756-42ad-8dfa-d59b1c096819/claude-code-releases/2.1.59/darwin-arm64/claude"

[tools.claude-code."platforms.macos-x64"]
url = "https://storage.googleapis.com/claude-code-dist-86c565f3-f756-42ad-8dfa-d59b1c096819/claude-code-releases/2.1.59/darwin-x64/claude"

[[tools.cosign]]
version = "3.0.5"
backend = "aqua:sigstore/cosign"

[tools.cosign."platforms.linux-arm64"]
checksum = "sha256:d098f3168ae4b3aa70b4ca78947329b953272b487727d1722cb3cb098a1a20ab"
url = "https://github.com/sigstore/cosign/releases/download/v3.0.5/cosign-linux-arm64"
provenance = "cosign"

[tools.cosign."platforms.linux-arm64-musl"]
checksum = "sha256:d098f3168ae4b3aa70b4ca78947329b953272b487727d1722cb3cb098a1a20ab"
url = "https://github.com/sigstore/cosign/releases/download/v3.0.5/cosign-linux-arm64"
provenance = "cosign"

[tools.cosign."platforms.linux-x64"]
checksum = "sha256:db15cc99e6e4837daabab023742aaddc3841ce57f193d11b7c3e06c8003642b2"
url = "https://github.com/sigstore/cosign/releases/download/v3.0.5/cosign-linux-amd64"
provenance = "cosign"

[tools.cosign."platforms.linux-x64-musl"]
checksum = "sha256:db15cc99e6e4837daabab023742aaddc3841ce57f193d11b7c3e06c8003642b2"
url = "https://github.com/sigstore/cosign/releases/download/v3.0.5/cosign-linux-amd64"
provenance = "cosign"

[tools.cosign."platforms.macos-arm64"]
checksum = "sha256:4888c898e2901521a6bd4cf4f0383c9465588a6a46ecd2465ad34faf13f09eb7"
url = "https://github.com/sigstore/cosign/releases/download/v3.0.5/cosign-darwin-arm64"
provenance = "cosign"

[tools.cosign."platforms.macos-x64"]
checksum = "sha256:e032c44d3f7c247bbb2966b41239f88ffba002497a4516358d327ad5693c386f"
url = "https://github.com/sigstore/cosign/releases/download/v3.0.5/cosign-darwin-amd64"
provenance = "cosign"

[tools.cosign."platforms.windows-x64"]
checksum = "sha256:44e9e44202b67ddfaaf5ea1234f5a265417960c4ae98c5b57c35bc40ba9dd714"
url = "https://github.com/sigstore/cosign/releases/download/v3.0.5/cosign-windows-amd64.exe"
provenance = "cosign"

[[tools.crane]]
version = "0.21.0"
backend = "aqua:google/go-containerregistry"

[tools.crane."platforms.linux-arm64"]
checksum = "sha256:ee5782accec325bd53186e8335705c4285622b7852cc0a104dff2d88079ff1d1"
url = "https://github.com/google/go-containerregistry/releases/download/v0.21.0/go-containerregistry_Linux_arm64.tar.gz"

[tools.crane."platforms.linux-arm64-musl"]
checksum = "sha256:ee5782accec325bd53186e8335705c4285622b7852cc0a104dff2d88079ff1d1"
url = "https://github.com/google/go-containerregistry/releases/download/v0.21.0/go-containerregistry_Linux_arm64.tar.gz"

[tools.crane."platforms.linux-x64"]
checksum = "sha256:f76db5d7544a3c691a90fea7c87561342b2f03f1090f0299f029eafa1da3de41"
url = "https://github.com/google/go-containerregistry/releases/download/v0.21.0/go-containerregistry_Linux_x86_64.tar.gz"

[tools.crane."platforms.linux-x64-musl"]
checksum = "sha256:f76db5d7544a3c691a90fea7c87561342b2f03f1090f0299f029eafa1da3de41"
url = "https://github.com/google/go-containerregistry/releases/download/v0.21.0/go-containerregistry_Linux_x86_64.tar.gz"

[tools.crane."platforms.macos-arm64"]
checksum = "sha256:ffb7218fc1a9a5de481a186a23279b233f0c9ec08f71c0167313105026901be9"
url = "https://github.com/google/go-containerregistry/releases/download/v0.21.0/go-containerregistry_Darwin_arm64.tar.gz"

[tools.crane."platforms.macos-x64"]
checksum = "sha256:fd622b6012ffb7132fb574dffe181deb7cd37875b31fff48237a6bfb71720659"
url = "https://github.com/google/go-containerregistry/releases/download/v0.21.0/go-containerregistry_Darwin_x86_64.tar.gz"

[tools.crane."platforms.windows-x64"]
checksum = "sha256:4524c5de25c2b1e7ac778104dbaca36288d461d26572ae18d16a4ce9fb5e8be7"
url = "https://github.com/google/go-containerregistry/releases/download/v0.21.0/go-containerregistry_Windows_x86_64.tar.gz"

[[tools.go]]
version = "1.26.4"
backend = "core:go"

[tools.go."platforms.linux-arm64"]
checksum = "sha256:ef758ae7c6cf9267c9c0ef080b8965f453d89ab2d25d9eb22de4405925238768"
url = "https://dl.google.com/go/go1.26.4.linux-arm64.tar.gz"

[tools.go."platforms.linux-arm64-musl"]
checksum = "sha256:ef758ae7c6cf9267c9c0ef080b8965f453d89ab2d25d9eb22de4405925238768"
url = "https://dl.google.com/go/go1.26.4.linux-arm64.tar.gz"

[tools.go."platforms.linux-x64"]
checksum = "sha256:1153d3d50e0ac764b447adfe05c2bcf08e889d42a02e0fe0259bd47f6733ad7f"
url = "https://dl.google.com/go/go1.26.4.linux-amd64.tar.gz"

[tools.go."platforms.linux-x64-musl"]
checksum = "sha256:1153d3d50e0ac764b447adfe05c2bcf08e889d42a02e0fe0259bd47f6733ad7f"
url = "https://dl.google.com/go/go1.26.4.linux-amd64.tar.gz"

[tools.go."platforms.macos-arm64"]
checksum = "sha256:b62ad2b6d7d2464f12a5bcad7ff47f19d08325773b5efd21610e445a05a9bf53"
url = "https://dl.google.com/go/go1.26.4.darwin-arm64.tar.gz"

[tools.go."platforms.macos-x64"]
checksum = "sha256:05dc9b5f9997744520aaebb3d5deaa7c755371aebbfb7f97c2511a9f3367538d"
url = "https://dl.google.com/go/go1.26.4.darwin-amd64.tar.gz"

[tools.go."platforms.windows-x64"]
checksum = "sha256:3ca8fb4630b07c419cbdd51f754e31363cfcfb83b3a5354d9e895c90be2cc345"
url = "https://dl.google.com/go/go1.26.4.windows-amd64.zip"

[[tools."go:github.com/golangci/golangci-lint/v2/cmd/golangci-lint"]]
version = "2.11.4"
backend = "go:github.com/golangci/golangci-lint/v2/cmd/golangci-lint"

[[tools."go:golang.org/x/vuln/cmd/govulncheck"]]
version = "1.1.4"
backend = "go:golang.org/x/vuln/cmd/govulncheck"

[[tools."go:mvdan.cc/gofumpt"]]
version = "0.9.2"
backend = "go:mvdan.cc/gofumpt"

[[tools.helm]]
version = "4.1.3"
backend = "aqua:helm/helm"

[tools.helm."platforms.linux-arm64"]
checksum = "sha256:5db45e027cc8de4677ec869e5d803fc7631b0bab1c1eb62ac603a62d22359a43"
url = "https://get.helm.sh/helm-v4.1.3-linux-arm64.tar.gz"

[tools.helm."platforms.linux-arm64-musl"]
checksum = "sha256:5db45e027cc8de4677ec869e5d803fc7631b0bab1c1eb62ac603a62d22359a43"
url = "https://get.helm.sh/helm-v4.1.3-linux-arm64.tar.gz"

[tools.helm."platforms.linux-x64"]
checksum = "sha256:02ce9722d541238f81459938b84cf47df2fdf1187493b4bfb2346754d82a4700"
url = "https://get.helm.sh/helm-v4.1.3-linux-amd64.tar.gz"

[tools.helm."platforms.linux-x64-musl"]
checksum = "sha256:02ce9722d541238f81459938b84cf47df2fdf1187493b4bfb2346754d82a4700"
url = "https://get.helm.sh/helm-v4.1.3-linux-amd64.tar.gz"

[tools.helm."platforms.macos-arm64"]
checksum = "sha256:21c02fe2f7e27d08e24a6bf93103f9d2b25aab6f13f91814b2cfabc99b108a5e"
url = "https://get.helm.sh/helm-v4.1.3-darwin-arm64.tar.gz"

[tools.helm."platforms.macos-x64"]
checksum = "sha256:742132e11cc08a81c97f70180cd714ae8376f8c896247a7b14ae1f51838b5a0b"
url = "https://get.helm.sh/helm-v4.1.3-darwin-amd64.tar.gz"

[tools.helm."platforms.windows-x64"]
checksum = "sha256:fb8dc9b5c2f74456443a6a1bb431fe109d744151423133d921ec8a43b63cab90"
url = "https://get.helm.sh/helm-v4.1.3-windows-amd64.tar.gz"

[[tools.melange]]
version = "0.43.4"
backend = "aqua:chainguard-dev/melange"

[tools.melange."platforms.linux-arm64"]
checksum = "sha256:80e5c70e425b1648deaef74c069a25340a00bdf233ca0c0ebf6f17b8b05059f0"
url = "https://github.com/chainguard-dev/melange/releases/download/v0.43.4/melange_0.43.4_linux_arm64.tar.gz"

[tools.melange."platforms.linux-arm64-musl"]
checksum = "sha256:80e5c70e425b1648deaef74c069a25340a00bdf233ca0c0ebf6f17b8b05059f0"
url = "https://github.com/chainguard-dev/melange/releases/download/v0.43.4/melange_0.43.4_linux_arm64.tar.gz"

[tools.melange."platforms.linux-x64"]
checksum = "sha256:713946a655166fff5982aa93e9bfa25eff3f5cbc1325404f9d5189fa105a1c12"
url = "https://github.com/chainguard-dev/melange/releases/download/v0.43.4/melange_0.43.4_linux_amd64.tar.gz"

[tools.melange."platforms.linux-x64-musl"]
checksum = "sha256:713946a655166fff5982aa93e9bfa25eff3f5cbc1325404f9d5189fa105a1c12"
url = "https://github.com/chainguard-dev/melange/releases/download/v0.43.4/melange_0.43.4_linux_amd64.tar.gz"

[tools.melange."platforms.macos-arm64"]
checksum = "sha256:e94bc67bd8a1c3c6e1d19d2cb21005aedc0e6db6e3697a46496f247934cce226"
url = "https://github.com/chainguard-dev/melange/releases/download/v0.43.4/melange_0.43.4_darwin_arm64.tar.gz"

[tools.melange."platforms.macos-x64"]
checksum = "sha256:e9625f2455e4ed8f36a95617783324b70b00d82a9489a7cd672f8bcdcfae8ddb"
url = "https://github.com/chainguard-dev/melange/releases/download/v0.43.4/melange_0.43.4_darwin_amd64.tar.gz"

[[tools.node]]
version = "24.14.1"
backend = "core:node"

[tools.node."platforms.linux-arm64"]
checksum = "sha256:734ff04fa7f8ed2e8a78d40cacf5ac3fc4515dac2858757cbab313eb483ba8a2"
url = "https://nodejs.org/dist/v24.14.1/node-v24.14.1-linux-arm64.tar.gz"

[tools.node."platforms.linux-arm64-musl"]
checksum = "sha256:734ff04fa7f8ed2e8a78d40cacf5ac3fc4515dac2858757cbab313eb483ba8a2"
url = "https://nodejs.org/dist/v24.14.1/node-v24.14.1-linux-arm64.tar.gz"

[tools.node."platforms.linux-x64"]
checksum = "sha256:ace9fa104992ed0829642629c46ca7bd7fd6e76278cb96c958c4b387d29658ea"
url = "https://nodejs.org/dist/v24.14.1/node-v24.14.1-linux-x64.tar.gz"

[tools.node."platforms.linux-x64-musl"]
checksum = "sha256:ace9fa104992ed0829642629c46ca7bd7fd6e76278cb96c958c4b387d29658ea"
url = "https://nodejs.org/dist/v24.14.1/node-v24.14.1-linux-x64.tar.gz"

[tools.node."platforms.macos-arm64"]
checksum = "sha256:25495ff85bd89e2d8a24d88566d7e2f827c6b0d3d872b2cebf75371f93fcb1fe"
url = "https://nodejs.org/dist/v24.14.1/node-v24.14.1-darwin-arm64.tar.gz"

[tools.node."platforms.macos-x64"]
checksum = "sha256:2526230ad7d922be82d4fdb1e7ee1e84303e133e3b4b0ec4c2897ab31de0253d"
url = "https://nodejs.org/dist/v24.14.1/node-v24.14.1-darwin-x64.tar.gz"

[tools.node."platforms.windows-x64"]
checksum = "sha256:6e50ce5498c0cebc20fd39ab3ff5df836ed2f8a31aa093cecad8497cff126d70"
url = "https://nodejs.org/dist/v24.14.1/node-v24.14.1-win-x64.zip"

[[tools."npm:markdownlint-cli"]]
version = "0.48.0"
backend = "npm:markdownlint-cli"

[[tools.shellcheck]]
version = "0.11.0"
backend = "aqua:koalaman/shellcheck"

[tools.shellcheck."platforms.linux-arm64"]
checksum = "sha256:12b331c1d2db6b9eb13cfca64306b1b157a86eb69db83023e261eaa7e7c14588"
url = "https://github.com/koalaman/shellcheck/releases/download/v0.11.0/shellcheck-v0.11.0.linux.aarch64.tar.xz"

[tools.shellcheck."platforms.linux-arm64-musl"]
checksum = "sha256:12b331c1d2db6b9eb13cfca64306b1b157a86eb69db83023e261eaa7e7c14588"
url = "https://github.com/koalaman/shellcheck/releases/download/v0.11.0/shellcheck-v0.11.0.linux.aarch64.tar.xz"

[tools.shellcheck."platforms.linux-x64"]
checksum = "sha256:8c3be12b05d5c177a04c29e3c78ce89ac86f1595681cab149b65b97c4e227198"
url = "https://github.com/koalaman/shellcheck/releases/download/v0.11.0/shellcheck-v0.11.0.linux.x86_64.tar.xz"

[tools.shellcheck."platforms.linux-x64-musl"]
checksum = "sha256:8c3be12b05d5c177a04c29e3c78ce89ac86f1595681cab149b65b97c4e227198"
url = "https://github.com/koalaman/shellcheck/releases/download/v0.11.0/shellcheck-v0.11.0.linux.x86_64.tar.xz"

[tools.shellcheck."platforms.macos-arm64"]
checksum = "sha256:56affdd8de5527894dca6dc3d7e0a99a873b0f004d7aabc30ae407d3f48b0a79"
url = "https://github.com/koalaman/shellcheck/releases/download/v0.11.0/shellcheck-v0.11.0.darwin.aarch64.tar.xz"

[tools.shellcheck."platforms.macos-x64"]
checksum = "sha256:3c89db4edcab7cf1c27bff178882e0f6f27f7afdf54e859fa041fca10febe4c6"
url = "https://github.com/koalaman/shellcheck/releases/download/v0.11.0/shellcheck-v0.11.0.darwin.x86_64.tar.xz"

[tools.shellcheck."platforms.windows-x64"]
checksum = "sha256:8a4e35ab0b331c85d73567b12f2a444df187f483e5079ceffa6bda1faa2e740e"
url = "https://github.com/koalaman/shellcheck/releases/download/v0.11.0/shellcheck-v0.11.0.zip"

[[tools.syft]]
version = "1.42.1"
backend = "aqua:anchore/syft"

[tools.syft."platforms.linux-arm64"]
checksum = "sha256:dfc9ac5fffa8fea95b4f84b427e200dbb2bd9bd0bbf2760d1a9369715b60a91d"
url = "https://github.com/anchore/syft/releases/download/v1.42.1/syft_1.42.1_linux_arm64.tar.gz"

[tools.syft."platforms.linux-arm64-musl"]
checksum = "sha256:dfc9ac5fffa8fea95b4f84b427e200dbb2bd9bd0bbf2760d1a9369715b60a91d"
url = "https://github.com/anchore/syft/releases/download/v1.42.1/syft_1.42.1_linux_arm64.tar.gz"

[tools.syft."platforms.linux-x64"]
checksum = "sha256:989ded4e772810f93de6ccdc4512f79a6dabb5fb2dd2a9ffc72a80c955e6125a"
url = "https://github.com/anchore/syft/releases/download/v1.42.1/syft_1.42.1_linux_amd64.tar.gz"

[tools.syft."platforms.linux-x64-musl"]
checksum = "sha256:989ded4e772810f93de6ccdc4512f79a6dabb5fb2dd2a9ffc72a80c955e6125a"
url = "https://github.com/anchore/syft/releases/download/v1.42.1/syft_1.42.1_linux_amd64.tar.gz"

[tools.syft."platforms.macos-arm64"]
checksum = "sha256:b83cdcbd1b4c55505abd359c25c5903d94b99be47e6f98572bf96927b7b47e45"
url = "https://github.com/anchore/syft/releases/download/v1.42.1/syft_1.42.1_darwin_arm64.tar.gz"

[tools.syft."platforms.macos-x64"]
checksum = "sha256:1e52e39d24a4eaec94329e0f3283c448e2ee8f79dc03e5f1e405d324b7ae4e1c"
url = "https://github.com/anchore/syft/releases/download/v1.42.1/syft_1.42.1_darwin_amd64.tar.gz"

[tools.syft."platforms.windows-x64"]
checksum = "sha256:9eb2c582af26b2e8dcbb6f63494e6bc7739821e1d8d29b7096224218ff26c892"
url = "https://github.com/anchore/syft/releases/download/v1.42.1/syft_1.42.1_windows_amd64.zip"

[[tools.trivy]]
version = "0.69.3"
backend = "aqua:aquasecurity/trivy"

[tools.trivy."platforms.linux-arm64"]
checksum = "sha256:7e3924a974e912e57b4a99f65ece7931f8079584dae12eb7845024f97087bdfd"
url = "https://github.com/aquasecurity/trivy/releases/download/v0.69.3/trivy_0.69.3_Linux-ARM64.tar.gz"
provenance = "cosign"

[tools.trivy."platforms.linux-arm64-musl"]
checksum = "sha256:7e3924a974e912e57b4a99f65ece7931f8079584dae12eb7845024f97087bdfd"
url = "https://github.com/aquasecurity/trivy/releases/download/v0.69.3/trivy_0.69.3_Linux-ARM64.tar.gz"
provenance = "cosign"

[tools.trivy."platforms.linux-x64"]
checksum = "sha256:1816b632dfe529869c740c0913e36bd1629cb7688bd5634f4a858c1d57c88b75"
url = "https://github.com/aquasecurity/trivy/releases/download/v0.69.3/trivy_0.69.3_Linux-64bit.tar.gz"
provenance = "cosign"

[tools.trivy."platforms.linux-x64-musl"]
checksum = "sha256:1816b632dfe529869c740c0913e36bd1629cb7688bd5634f4a858c1d57c88b75"
url = "https://github.com/aquasecurity/trivy/releases/download/v0.69.3/trivy_0.69.3_Linux-64bit.tar.gz"
provenance = "cosign"

[tools.trivy."platforms.macos-arm64"]
checksum = "sha256:a2f2179afd4f8bb265ca3c7aefb56a666bc4a9a411663bc0f22c3549fbc643a5"
url = "https://github.com/aquasecurity/trivy/releases/download/v0.69.3/trivy_0.69.3_macOS-ARM64.tar.gz"
provenance = "cosign"

[tools.trivy."platforms.macos-x64"]
checksum = "sha256:fec4a9f7569b624dd9d044fca019e5da69e032700edbb1d7318972c448ec2f4e"
url = "https://github.com/aquasecurity/trivy/releases/download/v0.69.3/trivy_0.69.3_macOS-64bit.tar.gz"
provenance = "cosign"

[tools.trivy."platforms.windows-x64"]
checksum = "sha256:74362dc711383255308230ecbeb587eb1e4e83a8d332be5b0259afac6e0c2224"
url = "https://github.com/aquasecurity/trivy/releases/download/v0.69.3/trivy_0.69.3_windows-64bit.zip"
provenance = "cosign"

[[tools.yamllint]]
version = "1.38.0"
backend = "pipx:yamllint"

[[tools.yq]]
version = "4.52.5"
backend = "aqua:mikefarah/yq"

[tools.yq."platforms.linux-arm64"]
checksum = "sha256:90fa510c50ee8ca75544dbfffed10c88ed59b36834df35916520cddc623d9aaa"
url = "https://github.com/mikefarah/yq/releases/download/v4.52.5/yq_linux_arm64"

[tools.yq."platforms.linux-arm64-musl"]
checksum = "sha256:90fa510c50ee8ca75544dbfffed10c88ed59b36834df35916520cddc623d9aaa"
url = "https://github.com/mikefarah/yq/releases/download/v4.52.5/yq_linux_arm64"

[tools.yq."platforms.linux-x64"]
checksum = "sha256:75d893a0d5940d1019cb7cdc60001d9e876623852c31cfc6267047bc31149fa9"
url = "https://github.com/mikefarah/yq/releases/download/v4.52.5/yq_linux_amd64"

[tools.yq."platforms.linux-x64-musl"]
checksum = "sha256:75d893a0d5940d1019cb7cdc60001d9e876623852c31cfc6267047bc31149fa9"
url = "https://github.com/mikefarah/yq/releases/download/v4.52.5/yq_linux_amd64"

[tools.yq."platforms.macos-arm64"]
checksum = "sha256:45a12e64d4bd8a31c72ee1b889e81f1b1110e801baad3d6f030c111db0068de0"
url = "https://github.com/mikefarah/yq/releases/download/v4.52.5/yq_darwin_arm64"

[tools.yq."platforms.macos-x64"]
checksum = "sha256:6e399d1eb466860c3202d231727197fdce055888c5c7bec6964156983dd1559d"
url = "https://github.com/mikefarah/yq/releases/download/v4.52.5/yq_darwin_amd64"

[tools.yq."platforms.windows-x64"]
checksum = "sha256:47594981f3848a4b4447494adeca9555f908f7cf0a89c4da3fd0243a4631da1c"
url = "https://github.com/mikefarah/yq/releases/download/v4.52.5/yq_windows_amd64.exe"
