# @generated - this file is auto-generated by `mise lock` https://mise.en.dev/dev-tools/mise-lock.html

[[tools.actionlint]]
version = "1.7.12"
backend = "aqua:rhysd/actionlint"

[tools.actionlint."platforms.linux-arm64"]
checksum = "sha256:325e971b6ba9bfa504672e29be93c24981eeb1c07576d730e9f7c8805afff0c6"
url = "https://github.com/rhysd/actionlint/releases/download/v1.7.12/actionlint_1.7.12_linux_arm64.tar.gz"
provenance = "github-attestations"

[tools.actionlint."platforms.linux-arm64-musl"]
checksum = "sha256:325e971b6ba9bfa504672e29be93c24981eeb1c07576d730e9f7c8805afff0c6"
url = "https://github.com/rhysd/actionlint/releases/download/v1.7.12/actionlint_1.7.12_linux_arm64.tar.gz"
provenance = "github-attestations"

[tools.actionlint."platforms.linux-x64"]
checksum = "sha256:8aca8db96f1b94770f1b0d72b6dddcb1ebb8123cb3712530b08cc387b349a3d8"
url = "https://github.com/rhysd/actionlint/releases/download/v1.7.12/actionlint_1.7.12_linux_amd64.tar.gz"
provenance = "github-attestations"

[tools.actionlint."platforms.linux-x64-musl"]
checksum = "sha256:8aca8db96f1b94770f1b0d72b6dddcb1ebb8123cb3712530b08cc387b349a3d8"
url = "https://github.com/rhysd/actionlint/releases/download/v1.7.12/actionlint_1.7.12_linux_amd64.tar.gz"
provenance = "github-attestations"

[tools.actionlint."platforms.macos-arm64"]
checksum = "sha256:aba9ced2dee8d27fecca3dc7feb1a7f9a52caefa1eb46f3271ea66b6e0e6953f"
url = "https://github.com/rhysd/actionlint/releases/download/v1.7.12/actionlint_1.7.12_darwin_arm64.tar.gz"
provenance = "github-attestations"

[tools.actionlint."platforms.macos-x64"]
checksum = "sha256:5b44c3bc2255115c9b69e30efc0fecdf498fdb63c5d58e17084fd5f16324c644"
url = "https://github.com/rhysd/actionlint/releases/download/v1.7.12/actionlint_1.7.12_darwin_amd64.tar.gz"
provenance = "github-attestations"

[tools.actionlint."platforms.windows-x64"]
checksum = "sha256:6e7241b51e6817ea6a047693d8e6fed13b31819c9a0dd6c5a726e1592d22f6e9"
url = "https://github.com/rhysd/actionlint/releases/download/v1.7.12/actionlint_1.7.12_windows_amd64.zip"
provenance = "github-attestations"

[[tools.apko]]
version = "1.2.30"
backend = "aqua:chainguard-dev/apko"

[tools.apko."platforms.linux-arm64"]
checksum = "sha256:4929c0447dbbce88f8a000493a1e088dac6246f527cadf05351609bfab9fd24b"
url = "https://github.com/chainguard-dev/apko/releases/download/v1.2.30/apko_1.2.30_linux_arm64.tar.gz"
url_api = "https://api.github.com/repos/chainguard-dev/apko/releases/assets/495922112"

[tools.apko."platforms.linux-arm64-musl"]
checksum = "sha256:4929c0447dbbce88f8a000493a1e088dac6246f527cadf05351609bfab9fd24b"
url = "https://github.com/chainguard-dev/apko/releases/download/v1.2.30/apko_1.2.30_linux_arm64.tar.gz"
url_api = "https://api.github.com/repos/chainguard-dev/apko/releases/assets/495922112"

[tools.apko."platforms.linux-x64"]
checksum = "sha256:486ff1121cca1f0efdaad0fcc2c31649e58849e7257b23d1dc22bd5fa2f66746"
url = "https://github.com/chainguard-dev/apko/releases/download/v1.2.30/apko_1.2.30_linux_amd64.tar.gz"
url_api = "https://api.github.com/repos/chainguard-dev/apko/releases/assets/495922135"

[tools.apko."platforms.linux-x64-musl"]
checksum = "sha256:486ff1121cca1f0efdaad0fcc2c31649e58849e7257b23d1dc22bd5fa2f66746"
url = "https://github.com/chainguard-dev/apko/releases/download/v1.2.30/apko_1.2.30_linux_amd64.tar.gz"
url_api = "https://api.github.com/repos/chainguard-dev/apko/releases/assets/495922135"

[tools.apko."platforms.macos-arm64"]
checksum = "sha256:c622023db8df5192bbd8f64687b9d4a47371d806c53bef86978567a52354b36c"
url = "https://github.com/chainguard-dev/apko/releases/download/v1.2.30/apko_1.2.30_darwin_arm64.tar.gz"
url_api = "https://api.github.com/repos/chainguard-dev/apko/releases/assets/495922111"

[tools.apko."platforms.macos-x64"]
checksum = "sha256:8909dbd7607ec91b29d916ffd62332603f6d6996fa6cc26d93ba6d437146cb9d"
url = "https://github.com/chainguard-dev/apko/releases/download/v1.2.30/apko_1.2.30_darwin_amd64.tar.gz"
url_api = "https://api.github.com/repos/chainguard-dev/apko/releases/assets/495922139"

[[tools.claude-code]]
version = "2.1.220"
backend = "aqua:anthropics/claude-code"

[tools.claude-code."platforms.linux-arm64"]
url = "https://storage.googleapis.com/claude-code-dist-86c565f3-f756-42ad-8dfa-d59b1c096819/claude-code-releases/2.1.220/linux-arm64/claude"

[tools.claude-code."platforms.linux-arm64-musl"]
url = "https://storage.googleapis.com/claude-code-dist-86c565f3-f756-42ad-8dfa-d59b1c096819/claude-code-releases/2.1.220/linux-arm64-musl/claude"

[tools.claude-code."platforms.linux-x64"]
url = "https://storage.googleapis.com/claude-code-dist-86c565f3-f756-42ad-8dfa-d59b1c096819/claude-code-releases/2.1.220/linux-x64/claude"

[tools.claude-code."platforms.linux-x64-musl"]
url = "https://storage.googleapis.com/claude-code-dist-86c565f3-f756-42ad-8dfa-d59b1c096819/claude-code-releases/2.1.220/linux-x64-musl/claude"

[tools.claude-code."platforms.macos-arm64"]
url = "https://storage.googleapis.com/claude-code-dist-86c565f3-f756-42ad-8dfa-d59b1c096819/claude-code-releases/2.1.220/darwin-arm64/claude"

[tools.claude-code."platforms.macos-x64"]
url = "https://storage.googleapis.com/claude-code-dist-86c565f3-f756-42ad-8dfa-d59b1c096819/claude-code-releases/2.1.220/darwin-x64/claude"

[[tools.cosign]]
version = "3.1.2"
backend = "aqua:sigstore/cosign"

[tools.cosign."platforms.linux-arm64"]
checksum = "sha256:90e7ae0b5dfd60f20816b52c012addf7fc055ebcc7bea4ce81c428ca8518c302"
url = "https://github.com/sigstore/cosign/releases/download/v3.1.2/cosign-linux-arm64"
url_api = "https://api.github.com/repos/sigstore/cosign/releases/assets/480496294"
provenance = "cosign"

[tools.cosign."platforms.linux-arm64-musl"]
checksum = "sha256:90e7ae0b5dfd60f20816b52c012addf7fc055ebcc7bea4ce81c428ca8518c302"
url = "https://github.com/sigstore/cosign/releases/download/v3.1.2/cosign-linux-arm64"
url_api = "https://api.github.com/repos/sigstore/cosign/releases/assets/480496294"
provenance = "cosign"

[tools.cosign."platforms.linux-x64"]
checksum = "sha256:f7622ed3cf22e55e1ae6377c080979ff77a22da9981c11df222a2e444991e7cf"
url = "https://github.com/sigstore/cosign/releases/download/v3.1.2/cosign-linux-amd64"
url_api = "https://api.github.com/repos/sigstore/cosign/releases/assets/480496709"
provenance = "cosign"

[tools.cosign."platforms.linux-x64-musl"]
checksum = "sha256:f7622ed3cf22e55e1ae6377c080979ff77a22da9981c11df222a2e444991e7cf"
url = "https://github.com/sigstore/cosign/releases/download/v3.1.2/cosign-linux-amd64"
url_api = "https://api.github.com/repos/sigstore/cosign/releases/assets/480496709"
provenance = "cosign"

[tools.cosign."platforms.macos-arm64"]
checksum = "sha256:dec1c3f802320b19c2fbcf2dc7bcfb3f258e1c181a046c23a1a074bdf932f10a"
url = "https://github.com/sigstore/cosign/releases/download/v3.1.2/cosign-darwin-arm64"
url_api = "https://api.github.com/repos/sigstore/cosign/releases/assets/480497116"
provenance = "cosign"

[tools.cosign."platforms.macos-x64"]
checksum = "sha256:acd180f8b015be25240ca33abee8a1e564eb65cdf1a3cee4725456d2dceb7da6"
url = "https://github.com/sigstore/cosign/releases/download/v3.1.2/cosign-darwin-amd64"
url_api = "https://api.github.com/repos/sigstore/cosign/releases/assets/480496599"
provenance = "cosign"

[tools.cosign."platforms.windows-x64"]
checksum = "sha256:fe4d621d7ae5e900ee62089837c00f996ae9acb82027d573d1d157b6ee875cb2"
url = "https://github.com/sigstore/cosign/releases/download/v3.1.2/cosign-windows-amd64.exe"
url_api = "https://api.github.com/repos/sigstore/cosign/releases/assets/480497219"
provenance = "cosign"

[[tools.crane]]
version = "0.21.8"
backend = "aqua:google/go-containerregistry"

[tools.crane."platforms.linux-arm64"]
checksum = "sha256:9a528bee5f3443a9b20a25b46040ed518384b07c470ad444028fdb2dcebd4056"
url = "https://github.com/google/go-containerregistry/releases/download/v0.21.8/go-containerregistry_Linux_arm64.tar.gz"
url_api = "https://api.github.com/repos/google/go-containerregistry/releases/assets/497031362"

[tools.crane."platforms.linux-arm64-musl"]
checksum = "sha256:9a528bee5f3443a9b20a25b46040ed518384b07c470ad444028fdb2dcebd4056"
url = "https://github.com/google/go-containerregistry/releases/download/v0.21.8/go-containerregistry_Linux_arm64.tar.gz"
url_api = "https://api.github.com/repos/google/go-containerregistry/releases/assets/497031362"

[tools.crane."platforms.linux-x64"]
checksum = "sha256:59b59f68ee37aba51f5523d69ec779ee925d9be4e279f9220eca357267f2ee67"
url = "https://github.com/google/go-containerregistry/releases/download/v0.21.8/go-containerregistry_Linux_x86_64.tar.gz"
url_api = "https://api.github.com/repos/google/go-containerregistry/releases/assets/497031348"

[tools.crane."platforms.linux-x64-musl"]
checksum = "sha256:59b59f68ee37aba51f5523d69ec779ee925d9be4e279f9220eca357267f2ee67"
url = "https://github.com/google/go-containerregistry/releases/download/v0.21.8/go-containerregistry_Linux_x86_64.tar.gz"
url_api = "https://api.github.com/repos/google/go-containerregistry/releases/assets/497031348"

[tools.crane."platforms.macos-arm64"]
checksum = "sha256:b258a3486fe1b6200f8a2be520ce69d4f0c3f4dc3b50add8d546ec5df6937b17"
url = "https://github.com/google/go-containerregistry/releases/download/v0.21.8/go-containerregistry_Darwin_arm64.tar.gz"
url_api = "https://api.github.com/repos/google/go-containerregistry/releases/assets/497031349"

[tools.crane."platforms.macos-x64"]
checksum = "sha256:3a81c792d4c696fc852e46f60e649be67957c27036b542ba8b0489e0da69714f"
url = "https://github.com/google/go-containerregistry/releases/download/v0.21.8/go-containerregistry_Darwin_x86_64.tar.gz"
url_api = "https://api.github.com/repos/google/go-containerregistry/releases/assets/497031392"

[tools.crane."platforms.windows-x64"]
checksum = "sha256:1c58f89954b006e8c0f287cd6c6293e62ec2b0fbcef105488d690a9b88fa8d62"
url = "https://github.com/google/go-containerregistry/releases/download/v0.21.8/go-containerregistry_Windows_x86_64.tar.gz"
url_api = "https://api.github.com/repos/google/go-containerregistry/releases/assets/497031375"

[[tools.go]]
version = "1.26.5"
backend = "core:go"

[tools.go."platforms.linux-arm64"]
checksum = "sha256:fe4789e92b1f33358680864bbe8704289e7bb5fc207d80623c308935bd696d49"
url = "https://dl.google.com/go/go1.26.5.linux-arm64.tar.gz"

[tools.go."platforms.linux-arm64-musl"]
checksum = "sha256:fe4789e92b1f33358680864bbe8704289e7bb5fc207d80623c308935bd696d49"
url = "https://dl.google.com/go/go1.26.5.linux-arm64.tar.gz"

[tools.go."platforms.linux-x64"]
checksum = "sha256:5c2c3b16caefa1d968a94c1daca04a7ca301a496d9b086e17ad77bb81393f053"
url = "https://dl.google.com/go/go1.26.5.linux-amd64.tar.gz"

[tools.go."platforms.linux-x64-musl"]
checksum = "sha256:5c2c3b16caefa1d968a94c1daca04a7ca301a496d9b086e17ad77bb81393f053"
url = "https://dl.google.com/go/go1.26.5.linux-amd64.tar.gz"

[tools.go."platforms.macos-arm64"]
checksum = "sha256:efb87ff28af9a188d0536ef5d42e63dd52ba8263cd7344a993cc48dd11dedb6a"
url = "https://dl.google.com/go/go1.26.5.darwin-arm64.tar.gz"

[tools.go."platforms.macos-x64"]
checksum = "sha256:6231d8d3b8f5552ec6cbf6d685bdd5482e1e703214b120e89b3bf0d7bf1ef725"
url = "https://dl.google.com/go/go1.26.5.darwin-amd64.tar.gz"

[tools.go."platforms.windows-x64"]
checksum = "sha256:97e6b2a833b6d89f9ff17d25419ac0a7e3b482a044e9ab18cdef834bd834fd38"
url = "https://dl.google.com/go/go1.26.5.windows-amd64.zip"

[[tools."go:github.com/golangci/golangci-lint/v2/cmd/golangci-lint"]]
version = "2.12.2"
backend = "go:github.com/golangci/golangci-lint/v2/cmd/golangci-lint"

[[tools."go:golang.org/x/vuln/cmd/govulncheck"]]
version = "1.6.0"
backend = "go:golang.org/x/vuln/cmd/govulncheck"

[[tools."go:mvdan.cc/gofumpt"]]
version = "0.11.0"
backend = "go:mvdan.cc/gofumpt"

[[tools.helm]]
version = "4.2.3"
backend = "aqua:helm/helm"

[tools.helm."platforms.linux-arm64"]
checksum = "sha256:21abd9354d39b2cd79a8d76be6912cd137a983cbf997193503fb8a6a6e2f2785"
url = "https://get.helm.sh/helm-v4.2.3-linux-arm64.tar.gz"

[tools.helm."platforms.linux-arm64-musl"]
checksum = "sha256:21abd9354d39b2cd79a8d76be6912cd137a983cbf997193503fb8a6a6e2f2785"
url = "https://get.helm.sh/helm-v4.2.3-linux-arm64.tar.gz"

[tools.helm."platforms.linux-x64"]
checksum = "sha256:e9b88b4ee95b18c706839c28d3a0220e5bc470e9cd9262410c90793c45ff8b7c"
url = "https://get.helm.sh/helm-v4.2.3-linux-amd64.tar.gz"

[tools.helm."platforms.linux-x64-musl"]
checksum = "sha256:e9b88b4ee95b18c706839c28d3a0220e5bc470e9cd9262410c90793c45ff8b7c"
url = "https://get.helm.sh/helm-v4.2.3-linux-amd64.tar.gz"

[tools.helm."platforms.macos-arm64"]
checksum = "sha256:048ecf5ad3160f83d918f9fe945238d2132b079640f7b106175331c25f242c64"
url = "https://get.helm.sh/helm-v4.2.3-darwin-arm64.tar.gz"

[tools.helm."platforms.macos-x64"]
checksum = "sha256:ff3ac86755a45f3422473bc1200776aac0fe04c5766abe6ca66699f7b564b23b"
url = "https://get.helm.sh/helm-v4.2.3-darwin-amd64.tar.gz"

[tools.helm."platforms.windows-x64"]
checksum = "sha256:02c6137bb5f050479193afad5a28804e9edc3beeab7e7b53a6e1499c9ba387ef"
url = "https://get.helm.sh/helm-v4.2.3-windows-amd64.tar.gz"

[[tools.kind]]
version = "0.32.0"
backend = "aqua:kubernetes-sigs/kind"

[tools.kind."platforms.linux-arm64"]
checksum = "sha256:b92cd615e97585de8ddade28ed5cd7feb4248d717c233eea5b03c37298900f5d"
url = "https://github.com/kubernetes-sigs/kind/releases/download/v0.32.0/kind-linux-arm64"

[tools.kind."platforms.linux-arm64-musl"]
checksum = "sha256:b92cd615e97585de8ddade28ed5cd7feb4248d717c233eea5b03c37298900f5d"
url = "https://github.com/kubernetes-sigs/kind/releases/download/v0.32.0/kind-linux-arm64"

[tools.kind."platforms.linux-x64"]
checksum = "sha256:50030de23cf40a18505f20426f6a8506bedf13c6e509244bd1fa9463721b0f54"
url = "https://github.com/kubernetes-sigs/kind/releases/download/v0.32.0/kind-linux-amd64"

[tools.kind."platforms.linux-x64-musl"]
checksum = "sha256:50030de23cf40a18505f20426f6a8506bedf13c6e509244bd1fa9463721b0f54"
url = "https://github.com/kubernetes-sigs/kind/releases/download/v0.32.0/kind-linux-amd64"

[tools.kind."platforms.macos-arm64"]
checksum = "sha256:dca67911095a110c2b5c36e26df6cac860c602033e456c0db47be498cdef1ebb"
url = "https://github.com/kubernetes-sigs/kind/releases/download/v0.32.0/kind-darwin-arm64"

[tools.kind."platforms.macos-x64"]
checksum = "sha256:295ac6d0d634c9819c9907df45e3017d1f13166bd13c3404c45e79f7faa47498"
url = "https://github.com/kubernetes-sigs/kind/releases/download/v0.32.0/kind-darwin-amd64"

[tools.kind."platforms.windows-x64"]
checksum = "sha256:0bcb2d1cfedc1912d664014db716937e8a0e843e91c6807b4db2025dbc8989fa"
url = "https://github.com/kubernetes-sigs/kind/releases/download/v0.32.0/kind-windows-amd64"

[[tools.kubectl]]
version = "1.36.3"
backend = "aqua:kubernetes/kubernetes/kubectl"

[tools.kubectl."platforms.linux-arm64"]
checksum = "sha256:3d86f24401c41ae5a46ac50eef8865fe891d3647d324a0836f6c63757a126e62"
url = "https://dl.k8s.io/v1.36.3/bin/linux/arm64/kubectl"

[tools.kubectl."platforms.linux-arm64-musl"]
checksum = "sha256:3d86f24401c41ae5a46ac50eef8865fe891d3647d324a0836f6c63757a126e62"
url = "https://dl.k8s.io/v1.36.3/bin/linux/arm64/kubectl"

[tools.kubectl."platforms.linux-x64"]
checksum = "sha256:ebbd080e7c2e275093b55915722043257eb24004363e20acb3c4d71919f88336"
url = "https://dl.k8s.io/v1.36.3/bin/linux/amd64/kubectl"

[tools.kubectl."platforms.linux-x64-musl"]
checksum = "sha256:ebbd080e7c2e275093b55915722043257eb24004363e20acb3c4d71919f88336"
url = "https://dl.k8s.io/v1.36.3/bin/linux/amd64/kubectl"

[tools.kubectl."platforms.macos-arm64"]
checksum = "sha256:fc8582acde13869a606730a79379d6515f30c68afcced0b5ac8789d5d002b7d6"
url = "https://dl.k8s.io/v1.36.3/bin/darwin/arm64/kubectl"

[tools.kubectl."platforms.macos-x64"]
checksum = "sha256:158b3b46cf74e8b6bd9b1d7cd30f665e3efb2bc1ec3c843ec925bcfdd2930de0"
url = "https://dl.k8s.io/v1.36.3/bin/darwin/amd64/kubectl"

[tools.kubectl."platforms.windows-x64"]
checksum = "sha256:ba76657b79d0ebcc3c029c171fc83c96351ba5ce0e71d185f1e5b8b873360a5f"
url = "https://dl.k8s.io/v1.36.3/bin/windows/amd64/kubectl.exe"

[[tools.melange]]
version = "0.56.4"
backend = "aqua:chainguard-dev/melange"

[tools.melange."platforms.linux-arm64"]
checksum = "sha256:d77448bc73f1afdb905037c3347b7db4aacea39f5bcc899cf07f8fe5880e6ae0"
url = "https://github.com/chainguard-dev/melange/releases/download/v0.56.4/melange_0.56.4_linux_arm64.tar.gz"
url_api = "https://api.github.com/repos/chainguard-dev/melange/releases/assets/490838926"

[tools.melange."platforms.linux-arm64-musl"]
checksum = "sha256:d77448bc73f1afdb905037c3347b7db4aacea39f5bcc899cf07f8fe5880e6ae0"
url = "https://github.com/chainguard-dev/melange/releases/download/v0.56.4/melange_0.56.4_linux_arm64.tar.gz"
url_api = "https://api.github.com/repos/chainguard-dev/melange/releases/assets/490838926"

[tools.melange."platforms.linux-x64"]
checksum = "sha256:ebb54361ef1d853002841f279776fa2ee3019ae2490c3184045bc1b9aeb3d7d8"
url = "https://github.com/chainguard-dev/melange/releases/download/v0.56.4/melange_0.56.4_linux_amd64.tar.gz"
url_api = "https://api.github.com/repos/chainguard-dev/melange/releases/assets/490838923"

[tools.melange."platforms.linux-x64-musl"]
checksum = "sha256:ebb54361ef1d853002841f279776fa2ee3019ae2490c3184045bc1b9aeb3d7d8"
url = "https://github.com/chainguard-dev/melange/releases/download/v0.56.4/melange_0.56.4_linux_amd64.tar.gz"
url_api = "https://api.github.com/repos/chainguard-dev/melange/releases/assets/490838923"

[tools.melange."platforms.macos-arm64"]
checksum = "sha256:f9541958b3f9a946ad63dcaf67b4d9a4eb9fce126a71631c288ebce31a154592"
url = "https://github.com/chainguard-dev/melange/releases/download/v0.56.4/melange_0.56.4_darwin_arm64.tar.gz"
url_api = "https://api.github.com/repos/chainguard-dev/melange/releases/assets/490838921"

[tools.melange."platforms.macos-x64"]
checksum = "sha256:f86ed4249769c0c94f98162a86b8b67cea872c5085009fa20584c3483a8f5c29"
url = "https://github.com/chainguard-dev/melange/releases/download/v0.56.4/melange_0.56.4_darwin_amd64.tar.gz"
url_api = "https://api.github.com/repos/chainguard-dev/melange/releases/assets/490838927"

[[tools.node]]
version = "24.18.1"
backend = "core:node"

[tools.node."platforms.linux-arm64"]
checksum = "sha256:df224555a083b918e46260cc969838501b9f9a87140c1195e5b9597b56d5dae2"
url = "https://nodejs.org/dist/v24.18.1/node-v24.18.1-linux-arm64.tar.gz"

[tools.node."platforms.linux-arm64-musl"]
url = "https://unofficial-builds.nodejs.org/download/release/v24.18.1/node-v24.18.1-linux-arm64-musl.tar.gz"

[tools.node."platforms.linux-x64"]
checksum = "sha256:9f5eb6ac21845a66c493c91a253b1da32fd684e89e9b7202d4936982336be4ca"
url = "https://nodejs.org/dist/v24.18.1/node-v24.18.1-linux-x64.tar.gz"

[tools.node."platforms.linux-x64-musl"]
url = "https://unofficial-builds.nodejs.org/download/release/v24.18.1/node-v24.18.1-linux-x64-musl.tar.gz"

[tools.node."platforms.macos-arm64"]
checksum = "sha256:eb02f7fab96d3d67de40c5ec8566096fcb4c2026728787683ae5a97eb612b941"
url = "https://nodejs.org/dist/v24.18.1/node-v24.18.1-darwin-arm64.tar.gz"

[tools.node."platforms.macos-x64"]
checksum = "sha256:6fb20fceacbb157c2f95825b80df4a454a0f6d81cdcd7bb81eeae9147e0e76ec"
url = "https://nodejs.org/dist/v24.18.1/node-v24.18.1-darwin-x64.tar.gz"

[tools.node."platforms.windows-x64"]
checksum = "sha256:ec56b84a7551893ab2324ebdfdc4ab974a63b4781162600b68a1293cc3e53765"
url = "https://nodejs.org/dist/v24.18.1/node-v24.18.1-win-x64.zip"

[[tools."npm:markdownlint-cli"]]
version = "0.49.1"
backend = "npm:markdownlint-cli"

[[tools.shellcheck]]
version = "0.11.0"
backend = "aqua:koalaman/shellcheck"

[tools.shellcheck."platforms.linux-arm64"]
checksum = "sha256:12b331c1d2db6b9eb13cfca64306b1b157a86eb69db83023e261eaa7e7c14588"
url = "https://github.com/koalaman/shellcheck/releases/download/v0.11.0/shellcheck-v0.11.0.linux.aarch64.tar.xz"

[tools.shellcheck."platforms.linux-arm64-musl"]
checksum = "sha256:12b331c1d2db6b9eb13cfca64306b1b157a86eb69db83023e261eaa7e7c14588"
url = "https://github.com/koalaman/shellcheck/releases/download/v0.11.0/shellcheck-v0.11.0.linux.aarch64.tar.xz"

[tools.shellcheck."platforms.linux-x64"]
checksum = "sha256:8c3be12b05d5c177a04c29e3c78ce89ac86f1595681cab149b65b97c4e227198"
url = "https://github.com/koalaman/shellcheck/releases/download/v0.11.0/shellcheck-v0.11.0.linux.x86_64.tar.xz"

[tools.shellcheck."platforms.linux-x64-musl"]
checksum = "sha256:8c3be12b05d5c177a04c29e3c78ce89ac86f1595681cab149b65b97c4e227198"
url = "https://github.com/koalaman/shellcheck/releases/download/v0.11.0/shellcheck-v0.11.0.linux.x86_64.tar.xz"

[tools.shellcheck."platforms.macos-arm64"]
checksum = "sha256:56affdd8de5527894dca6dc3d7e0a99a873b0f004d7aabc30ae407d3f48b0a79"
url = "https://github.com/koalaman/shellcheck/releases/download/v0.11.0/shellcheck-v0.11.0.darwin.aarch64.tar.xz"

[tools.shellcheck."platforms.macos-x64"]
checksum = "sha256:3c89db4edcab7cf1c27bff178882e0f6f27f7afdf54e859fa041fca10febe4c6"
url = "https://github.com/koalaman/shellcheck/releases/download/v0.11.0/shellcheck-v0.11.0.darwin.x86_64.tar.xz"

[tools.shellcheck."platforms.windows-x64"]
checksum = "sha256:8a4e35ab0b331c85d73567b12f2a444df187f483e5079ceffa6bda1faa2e740e"
url = "https://github.com/koalaman/shellcheck/releases/download/v0.11.0/shellcheck-v0.11.0.zip"

[[tools.syft]]
version = "1.50.0"
backend = "aqua:anchore/syft"

[tools.syft."platforms.linux-arm64"]
checksum = "sha256:887c57cbcc2d0e8c5c110a4571a3fc7150058b24d74f993ee4663516e5c8ce86"
url = "https://github.com/anchore/syft/releases/download/v1.50.0/syft_1.50.0_linux_arm64.tar.gz"
url_api = "https://api.github.com/repos/anchore/syft/releases/assets/493004622"

[tools.syft."platforms.linux-arm64-musl"]
checksum = "sha256:887c57cbcc2d0e8c5c110a4571a3fc7150058b24d74f993ee4663516e5c8ce86"
url = "https://github.com/anchore/syft/releases/download/v1.50.0/syft_1.50.0_linux_arm64.tar.gz"
url_api = "https://api.github.com/repos/anchore/syft/releases/assets/493004622"

[tools.syft."platforms.linux-x64"]
checksum = "sha256:bf7b29ff57f06da30918266a0e1c2885a8f99784798d1bdb1628886aa015d788"
url = "https://github.com/anchore/syft/releases/download/v1.50.0/syft_1.50.0_linux_amd64.tar.gz"
url_api = "https://api.github.com/repos/anchore/syft/releases/assets/493004612"

[tools.syft."platforms.linux-x64-musl"]
checksum = "sha256:bf7b29ff57f06da30918266a0e1c2885a8f99784798d1bdb1628886aa015d788"
url = "https://github.com/anchore/syft/releases/download/v1.50.0/syft_1.50.0_linux_amd64.tar.gz"
url_api = "https://api.github.com/repos/anchore/syft/releases/assets/493004612"

[tools.syft."platforms.macos-arm64"]
checksum = "sha256:e32fdb9d47823fa633748a1efca2528fd77c37469ea93c9e40ab835da44e4cce"
url = "https://github.com/anchore/syft/releases/download/v1.50.0/syft_1.50.0_darwin_arm64.tar.gz"
url_api = "https://api.github.com/repos/anchore/syft/releases/assets/493004615"

[tools.syft."platforms.macos-x64"]
checksum = "sha256:d11a8c7bc27114853bd7c1e1b2f3be3ddda3a1de17aee585329f04c369341c75"
url = "https://github.com/anchore/syft/releases/download/v1.50.0/syft_1.50.0_darwin_amd64.tar.gz"
url_api = "https://api.github.com/repos/anchore/syft/releases/assets/493004621"

[tools.syft."platforms.windows-x64"]
checksum = "sha256:815ee6973ec5dff6a671d7f41b0e78835a8c45b91d5a39f4743ea1cee833d3be"
url = "https://github.com/anchore/syft/releases/download/v1.50.0/syft_1.50.0_windows_amd64.zip"
url_api = "https://api.github.com/repos/anchore/syft/releases/assets/493004607"

[[tools.trivy]]
version = "0.72.0"
backend = "aqua:aquasecurity/trivy"

[tools.trivy."platforms.linux-arm64"]
checksum = "sha256:2ca2c023109c2db6b2b77366b6717291452d4531167377d95c79547f0c8e3467"
url = "https://github.com/aquasecurity/trivy/releases/download/v0.72.0/trivy_0.72.0_Linux-ARM64.tar.gz"
provenance = "cosign"

[tools.trivy."platforms.linux-arm64-musl"]
checksum = "sha256:2ca2c023109c2db6b2b77366b6717291452d4531167377d95c79547f0c8e3467"
url = "https://github.com/aquasecurity/trivy/releases/download/v0.72.0/trivy_0.72.0_Linux-ARM64.tar.gz"
provenance = "cosign"

[tools.trivy."platforms.linux-x64"]
checksum = "sha256:bbb64b9695866ce4a7a8f5c9592002c5961cab378577fa3f8a040df362b9b2ea"
url = "https://github.com/aquasecurity/trivy/releases/download/v0.72.0/trivy_0.72.0_Linux-64bit.tar.gz"
provenance = "cosign"

[tools.trivy."platforms.linux-x64-musl"]
checksum = "sha256:bbb64b9695866ce4a7a8f5c9592002c5961cab378577fa3f8a040df362b9b2ea"
url = "https://github.com/aquasecurity/trivy/releases/download/v0.72.0/trivy_0.72.0_Linux-64bit.tar.gz"
provenance = "cosign"

[tools.trivy."platforms.macos-arm64"]
checksum = "sha256:88f208680dc05da2b459e19b4f5aa2b4dc7c2117892ba4aab2ae63baba330016"
url = "https://github.com/aquasecurity/trivy/releases/download/v0.72.0/trivy_0.72.0_macOS-ARM64.tar.gz"
provenance = "cosign"

[tools.trivy."platforms.macos-x64"]
checksum = "sha256:ee5e60df8a98e5b89fd74a6d86f9e5c7e9a266a35002cb1e43291698b3bfee08"
url = "https://github.com/aquasecurity/trivy/releases/download/v0.72.0/trivy_0.72.0_macOS-64bit.tar.gz"
provenance = "cosign"

[tools.trivy."platforms.windows-x64"]
checksum = "sha256:ed3cf122060f61818fe1f735fd97557954e16e10bc8b058af9852271cf2e91b3"
url = "https://github.com/aquasecurity/trivy/releases/download/v0.72.0/trivy_0.72.0_windows-64bit.zip"
provenance = "cosign"

[[tools.yamllint]]
version = "1.38.0"
backend = "pipx:yamllint"

[[tools.yq]]
version = "4.53.3"
backend = "aqua:mikefarah/yq"

[tools.yq."platforms.linux-arm64"]
checksum = "sha256:578648e463a11c1b6db6010cbf41eafed6bee79466fcffa1bb446672cf7945ea"
url = "https://github.com/mikefarah/yq/releases/download/v4.53.3/yq_linux_arm64"

[tools.yq."platforms.linux-arm64-musl"]
checksum = "sha256:578648e463a11c1b6db6010cbf41eafed6bee79466fcffa1bb446672cf7945ea"
url = "https://github.com/mikefarah/yq/releases/download/v4.53.3/yq_linux_arm64"

[tools.yq."platforms.linux-x64"]
checksum = "sha256:fa52a4e758c63d38299163fbdd1edfb4c4963247918bf9c1c5d31d84789eded4"
url = "https://github.com/mikefarah/yq/releases/download/v4.53.3/yq_linux_amd64"

[tools.yq."platforms.linux-x64-musl"]
checksum = "sha256:fa52a4e758c63d38299163fbdd1edfb4c4963247918bf9c1c5d31d84789eded4"
url = "https://github.com/mikefarah/yq/releases/download/v4.53.3/yq_linux_amd64"

[tools.yq."platforms.macos-arm64"]
checksum = "sha256:877de31753a4dd2401aa048937aa9a7fc4d5f6ce858cf31508c5802954297213"
url = "https://github.com/mikefarah/yq/releases/download/v4.53.3/yq_darwin_arm64"

[tools.yq."platforms.macos-x64"]
checksum = "sha256:b4ba1ecce3c47f00803f4f964de38394326c7a32eb6540616e04fb2935a0f08d"
url = "https://github.com/mikefarah/yq/releases/download/v4.53.3/yq_darwin_amd64"

[tools.yq."platforms.windows-x64"]
checksum = "sha256:e279bc506a452eeafcdf364f91a025455e402a8001169083caf01f4b64a544e2"
url = "https://github.com/mikefarah/yq/releases/download/v4.53.3/yq_windows_amd64.exe"
